
Microsoft Visual Studio Solution File, Format Version 12.00
# Visual Studio Version 17
VisualStudioVersion = 17.1.32421.90
MinimumVisualStudioVersion = 10.0.40219.1
Project("{FAE04EC0-301F-11D3-BF4B-00C04F79EFBC}") = "StackProblem", "StackProblem\StackProblem.csproj", "{380752FE-9A26-47A9-B95F-519F0BB83CE9}"
EndProject
Global
	GlobalSection(SolutionConfigurationPlatforms) = preSolution
		Debug|Any CPU = Debug|Any CPU
		Release|Any CPU = Release|Any CPU
	EndGlobalSection
	GlobalSection(ProjectConfigurationPlatforms) = postSolution
		{380752FE-9A26-47A9-B95F-519F0BB83CE9}.Debug|Any CPU.ActiveCfg = Debug|Any CPU
		{380752FE-9A26-47A9-B95F-519F0BB83CE9}.Debug|Any CPU.Build.0 = Debug|Any CPU
		{380752FE-9A26-47A9-B95F-519F0BB83CE9}.Release|Any CPU.ActiveCfg = Release|Any CPU
		{380752FE-9A26-47A9-B95F-519F0BB83CE9}.Release|Any CPU.Build.0 = Release|Any CPU
	EndGlobalSection
	GlobalSection(SolutionProperties) = preSolution
		HideSolutionNode = FALSE
	EndGlobalSection
	GlobalSection(ExtensibilityGlobals) = postSolution
		SolutionGuid = {A6953407-202C-451B-865F-D58BAD8A4AA0}
	EndGlobalSection
EndGlobal
